
Microsoft Visual Studio Solution File, Format Version 12.00
# Visual Studio Version 17
VisualStudioVersion = 17.2.32602.215
MinimumVisualStudioVersion = 10.0.40219.1
Project("{FAE04EC0-301F-11D3-BF4B-00C04F79EFBC}") = "Example", "Example\Example.csproj", "{4C898C3C-96C2-4C33-B01E-381C14D28E6C}"
EndProject
Global
	GlobalSection(SolutionConfigurationPlatforms) = preSolution
		Debug|Any CPU = Debug|Any CPU
		Release|Any CPU = Release|Any CPU
	EndGlobalSection
	GlobalSection(ProjectConfigurationPlatforms) = postSolution
		{4C898C3C-96C2-4C33-B01E-381C14D28E6C}.Debug|Any CPU.ActiveCfg = Debug|Any CPU
		{4C898C3C-96C2-4C33-B01E-381C14D28E6C}.Debug|Any CPU.Build.0 = Debug|Any CPU
		{4C898C3C-96C2-4C33-B01E-381C14D28E6C}.Release|Any CPU.ActiveCfg = Release|Any CPU
		{4C898C3C-96C2-4C33-B01E-381C14D28E6C}.Release|Any CPU.Build.0 = Release|Any CPU
	EndGlobalSection
	GlobalSection(SolutionProperties) = preSolution
		HideSolutionNode = FALSE
	EndGlobalSection
	GlobalSection(ExtensibilityGlobals) = postSolution
		SolutionGuid = {28B214DC-8E9E-4636-BA0E-9B920927F03C}
	EndGlobalSection
EndGlobal
